
Microsoft Visual Studio Solution File, Format Version 12.00
# Visual Studio Version 16
VisualStudioVersion = 16.0.31911.196
MinimumVisualStudioVersion = 10.0.40219.1
Project("{9A19103F-16F7-4668-BE54-9A1E7A4F7556}") = "ViewComponentMVC", "ViewComponentMVC\ViewComponentMVC.csproj", "{B50B6B9F-F0F3-4C03-BA05-06F2D87DACE0}"
EndProject
Project("{FAE04EC0-301F-11D3-BF4B-00C04F79EFBC}") = "DI_And_IOC", "DI_And_IOC\DI_And_IOC.csproj", "{553DF272-6E58-4F70-B048-C2ED98807586}"
EndProject
Project("{FAE04EC0-301F-11D3-BF4B-00C04F79EFBC}") = "AreaKullanmi", "AreaKullanmi\AreaKullanmi.csproj", "{DA024C6D-25EC-40A7-BB44-CDB3F28A29CB}"
EndProject
Global
	GlobalSection(SolutionConfigurationPlatforms) = preSolution
		Debug|Any CPU = Debug|Any CPU
		Release|Any CPU = Release|Any CPU
	EndGlobalSection
	GlobalSection(ProjectConfigurationPlatforms) = postSolution
		{B50B6B9F-F0F3-4C03-BA05-06F2D87DACE0}.Debug|Any CPU.ActiveCfg = Debug|Any CPU
		{B50B6B9F-F0F3-4C03-BA05-06F2D87DACE0}.Debug|Any CPU.Build.0 = Debug|Any CPU
		{B50B6B9F-F0F3-4C03-BA05-06F2D87DACE0}.Release|Any CPU.ActiveCfg = Release|Any CPU
		{B50B6B9F-F0F3-4C03-BA05-06F2D87DACE0}.Release|Any CPU.Build.0 = Release|Any CPU
		{553DF272-6E58-4F70-B048-C2ED98807586}.Debug|Any CPU.ActiveCfg = Debug|Any CPU
		{553DF272-6E58-4F70-B048-C2ED98807586}.Debug|Any CPU.Build.0 = Debug|Any CPU
		{553DF272-6E58-4F70-B048-C2ED98807586}.Release|Any CPU.ActiveCfg = Release|Any CPU
		{553DF272-6E58-4F70-B048-C2ED98807586}.Release|Any CPU.Build.0 = Release|Any CPU
		{DA024C6D-25EC-40A7-BB44-CDB3F28A29CB}.Debug|Any CPU.ActiveCfg = Debug|Any CPU
		{DA024C6D-25EC-40A7-BB44-CDB3F28A29CB}.Debug|Any CPU.Build.0 = Debug|Any CPU
		{DA024C6D-25EC-40A7-BB44-CDB3F28A29CB}.Release|Any CPU.ActiveCfg = Release|Any CPU
		{DA024C6D-25EC-40A7-BB44-CDB3F28A29CB}.Release|Any CPU.Build.0 = Release|Any CPU
	EndGlobalSection
	GlobalSection(SolutionProperties) = preSolution
		HideSolutionNode = FALSE
	EndGlobalSection
	GlobalSection(ExtensibilityGlobals) = postSolution
		SolutionGuid = {C5A569DD-008F-4A88-AED3-E09194BE8654}
	EndGlobalSection
EndGlobal
